
Microsoft Visual Studio Solution File, Format Version 12.00
# Visual Studio Version 17
VisualStudioVersion = 17.14.36414.22
MinimumVisualStudioVersion = 10.0.40219.1
Project("{FAE04EC0-301F-11D3-BF4B-00C04F79EFBC}") = "CreateCuttingPunch", "CreateCuttingPunch\CreateCuttingPunch.csproj", "{B06E68EB-4A2B-4341-B4CA-0C16415525D4}"
EndProject
Project("{FAE04EC0-301F-11D3-BF4B-00C04F79EFBC}") = "CreateCuttingPunchTests", "CreateCuttingPunchTests\CreateCuttingPunchTests.csproj", "{B3025DC5-9659-4CB7-B326-1C079D2B7601}"
EndProject
Global
	GlobalSection(SolutionConfigurationPlatforms) = preSolution
		Debug|Any CPU = Debug|Any CPU
		Release|Any CPU = Release|Any CPU
	EndGlobalSection
	GlobalSection(ProjectConfigurationPlatforms) = postSolution
		{B06E68EB-4A2B-4341-B4CA-0C16415525D4}.Debug|Any CPU.ActiveCfg = Debug|Any CPU
		{B06E68EB-4A2B-4341-B4CA-0C16415525D4}.Debug|Any CPU.Build.0 = Debug|Any CPU
		{B06E68EB-4A2B-4341-B4CA-0C16415525D4}.Release|Any CPU.ActiveCfg = Release|Any CPU
		{B06E68EB-4A2B-4341-B4CA-0C16415525D4}.Release|Any CPU.Build.0 = Release|Any CPU
		{B3025DC5-9659-4CB7-B326-1C079D2B7601}.Debug|Any CPU.ActiveCfg = Debug|Any CPU
		{B3025DC5-9659-4CB7-B326-1C079D2B7601}.Debug|Any CPU.Build.0 = Debug|Any CPU
		{B3025DC5-9659-4CB7-B326-1C079D2B7601}.Release|Any CPU.ActiveCfg = Release|Any CPU
		{B3025DC5-9659-4CB7-B326-1C079D2B7601}.Release|Any CPU.Build.0 = Release|Any CPU
	EndGlobalSection
	GlobalSection(SolutionProperties) = preSolution
		HideSolutionNode = FALSE
	EndGlobalSection
	GlobalSection(ExtensibilityGlobals) = postSolution
		SolutionGuid = {87F7889E-7451-4B35-914E-1D2C05BB2862}
	EndGlobalSection
EndGlobal
